# This file is automatically @generated by Cargo.
# It is not intended for manual editing.
version = 4

[[package]]
name = "ext-sdk"
version = "0.1.0"

[[package]]
name = "frontend-gui"
version = "0.1.0"
dependencies = [
 "kaptein-viewmodel",
]

[[package]]
name = "frontend-tui"
version = "0.1.0"
dependencies = [
 "kaptein-viewmodel",
]

[[package]]
name = "headless"
version = "0.1.0"
dependencies = [
 "kaptein-viewmodel",
]

[[package]]
name = "kaptein-core"
version = "0.1.0"

[[package]]
name = "kaptein-viewmodel"
version = "0.1.0"
dependencies = [
 "kaptein-core",
]

[[package]]
name = "plugins"
version = "0.1.0"

[[package]]
name = "serve"
version = "0.1.0"
dependencies = [
 "kaptein-viewmodel",
]

[[package]]
name = "viewdef"
version = "0.1.0"
